
Microsoft Visual Studio Solution File, Format Version 12.00
# Visual Studio Version 17
VisualStudioVersion = 17.0.32126.317
MinimumVisualStudioVersion = 10.0.40219.1
Project("{FAE04EC0-301F-11D3-BF4B-00C04F79EFBC}") = "car task", "car task\car task.csproj", "{B0BB51A3-4153-483D-9205-91D156415C47}"
EndProject
Global
	GlobalSection(SolutionConfigurationPlatforms) = preSolution
		Debug|Any CPU = Debug|Any CPU
		Release|Any CPU = Release|Any CPU
	EndGlobalSection
	GlobalSection(ProjectConfigurationPlatforms) = postSolution
		{B0BB51A3-4153-483D-9205-91D156415C47}.Debug|Any CPU.ActiveCfg = Debug|Any CPU
		{B0BB51A3-4153-483D-9205-91D156415C47}.Debug|Any CPU.Build.0 = Debug|Any CPU
		{B0BB51A3-4153-483D-9205-91D156415C47}.Release|Any CPU.ActiveCfg = Release|Any CPU
		{B0BB51A3-4153-483D-9205-91D156415C47}.Release|Any CPU.Build.0 = Release|Any CPU
	EndGlobalSection
	GlobalSection(SolutionProperties) = preSolution
		HideSolutionNode = FALSE
	EndGlobalSection
	GlobalSection(ExtensibilityGlobals) = postSolution
		SolutionGuid = {23E48A89-39BA-4436-B9CF-C540E6F29A4F}
	EndGlobalSection
EndGlobal
