
Microsoft Visual Studio Solution File, Format Version 12.00
# Visual Studio Version 17
VisualStudioVersion = 17.0.32126.317
MinimumVisualStudioVersion = 10.0.40219.1
Project("{9A19103F-16F7-4668-BE54-9A1E7A4F7556}") = "PswordGn", "PswordGn\PswordGn.csproj", "{6A6203BB-CF22-4F8C-BE91-6009D6D20B61}"
EndProject
Project("{2150E333-8FDC-42A3-9474-1A3956D46DE8}") = "PassStorage", "PassStorage", "{500BC003-0BBC-4449-9C2E-5B48FFC039C6}"
EndProject
Global
	GlobalSection(SolutionConfigurationPlatforms) = preSolution
		Debug|Any CPU = Debug|Any CPU
		Release|Any CPU = Release|Any CPU
	EndGlobalSection
	GlobalSection(ProjectConfigurationPlatforms) = postSolution
		{6A6203BB-CF22-4F8C-BE91-6009D6D20B61}.Debug|Any CPU.ActiveCfg = Debug|Any CPU
		{6A6203BB-CF22-4F8C-BE91-6009D6D20B61}.Debug|Any CPU.Build.0 = Debug|Any CPU
		{6A6203BB-CF22-4F8C-BE91-6009D6D20B61}.Release|Any CPU.ActiveCfg = Release|Any CPU
		{6A6203BB-CF22-4F8C-BE91-6009D6D20B61}.Release|Any CPU.Build.0 = Release|Any CPU
	EndGlobalSection
	GlobalSection(SolutionProperties) = preSolution
		HideSolutionNode = FALSE
	EndGlobalSection
	GlobalSection(ExtensibilityGlobals) = postSolution
		SolutionGuid = {BCA17486-9EE4-4753-9043-68CD2472528C}
	EndGlobalSection
EndGlobal
